
Microsoft Visual Studio Solution File, Format Version 12.00
# Visual Studio Version 17
VisualStudioVersion = 17.8.34511.84
MinimumVisualStudioVersion = 10.0.40219.1
Project("{FAE04EC0-301F-11D3-BF4B-00C04F79EFBC}") = "Koperasi_Tentera_API", "Koperasi_Tentera_API\Koperasi_Tentera_API.csproj", "{219CB34D-74CE-453F-9691-563D899E7C48}"
EndProject
Global
	GlobalSection(SolutionConfigurationPlatforms) = preSolution
		Debug|Any CPU = Debug|Any CPU
		Release|Any CPU = Release|Any CPU
	EndGlobalSection
	GlobalSection(ProjectConfigurationPlatforms) = postSolution
		{219CB34D-74CE-453F-9691-563D899E7C48}.Debug|Any CPU.ActiveCfg = Debug|Any CPU
		{219CB34D-74CE-453F-9691-563D899E7C48}.Debug|Any CPU.Build.0 = Debug|Any CPU
		{219CB34D-74CE-453F-9691-563D899E7C48}.Release|Any CPU.ActiveCfg = Release|Any CPU
		{219CB34D-74CE-453F-9691-563D899E7C48}.Release|Any CPU.Build.0 = Release|Any CPU
	EndGlobalSection
	GlobalSection(SolutionProperties) = preSolution
		HideSolutionNode = FALSE
	EndGlobalSection
	GlobalSection(ExtensibilityGlobals) = postSolution
		SolutionGuid = {2CD48E06-51DF-447A-A727-D6C4D482760F}
	EndGlobalSection
EndGlobal
